
Microsoft Visual Studio Solution File, Format Version 12.00
# Visual Studio Version 17
VisualStudioVersion = 17.14.37111.16 d17.14
MinimumVisualStudioVersion = 10.0.40219.1
Project("{FAE04EC0-301F-11D3-BF4B-00C04F79EFBC}") = "egzamin", "egzamin.csproj", "{DDA7212F-F9F1-4D9F-8645-C451869DF655}"
EndProject
Global
	GlobalSection(SolutionConfigurationPlatforms) = preSolution
		Debug|Any CPU = Debug|Any CPU
		Release|Any CPU = Release|Any CPU
	EndGlobalSection
	GlobalSection(ProjectConfigurationPlatforms) = postSolution
		{DDA7212F-F9F1-4D9F-8645-C451869DF655}.Debug|Any CPU.ActiveCfg = Debug|Any CPU
		{DDA7212F-F9F1-4D9F-8645-C451869DF655}.Debug|Any CPU.Build.0 = Debug|Any CPU
		{DDA7212F-F9F1-4D9F-8645-C451869DF655}.Release|Any CPU.ActiveCfg = Release|Any CPU
		{DDA7212F-F9F1-4D9F-8645-C451869DF655}.Release|Any CPU.Build.0 = Release|Any CPU
	EndGlobalSection
	GlobalSection(SolutionProperties) = preSolution
		HideSolutionNode = FALSE
	EndGlobalSection
	GlobalSection(ExtensibilityGlobals) = postSolution
		SolutionGuid = {BA85362F-BAE7-42AE-98F2-476656AD28BC}
	EndGlobalSection
EndGlobal
